
Microsoft Visual Studio Solution File, Format Version 12.00
# Visual Studio 2012
Project("{FAE04EC0-301F-11D3-BF4B-00C04F79EFBC}") = "Domain", "Domain\Domain.csproj", "{17721966-CEFF-4D50-B591-1C0D4FF2ABF5}"
EndProject
Project("{2150E333-8FDC-42A3-9474-1A3956D46DE8}") = "Tests", "Tests", "{1CF5D6AD-2367-4073-92B0-DA3EDE0B4772}"
EndProject
Project("{FAE04EC0-301F-11D3-BF4B-00C04F79EFBC}") = "Specs", "Tests\Specs\Specs.csproj", "{5547D947-7C32-4C5B-B73E-2960F351882A}"
EndProject
Project("{FAE04EC0-301F-11D3-BF4B-00C04F79EFBC}") = "Tests", "Tests\Tests\Tests.csproj", "{CE046A97-C355-46BF-A9E0-0CEDCDB9853E}"
	ProjectSection(ProjectDependencies) = postProject
		{505FF11C-547D-4BFB-9E9C-BF3D114CAE5D} = {505FF11C-547D-4BFB-9E9C-BF3D114CAE5D}
	EndProjectSection
EndProject
Project("{FAE04EC0-301F-11D3-BF4B-00C04F79EFBC}") = "ServicesImpl", "ServicesImpl\ServicesImpl.csproj", "{C2DDCD69-74B0-46DF-9E9D-EB0596DB5F7C}"
EndProject
Project("{FAE04EC0-301F-11D3-BF4B-00C04F79EFBC}") = "Services", "Services\Services.csproj", "{47DB6FAA-D38E-44D6-8AED-6593FE10FC1C}"
EndProject
Project("{FAE04EC0-301F-11D3-BF4B-00C04F79EFBC}") = "Web", "Web\Web.csproj", "{9C26B4B2-4E24-4D45-94CA-24E73BE72096}"
	ProjectSection(ProjectDependencies) = postProject
		{BDB49945-CE34-4812-81F8-FDADE9DFBD6F} = {BDB49945-CE34-4812-81F8-FDADE9DFBD6F}
		{C2DDCD69-74B0-46DF-9E9D-EB0596DB5F7C} = {C2DDCD69-74B0-46DF-9E9D-EB0596DB5F7C}
	EndProjectSection
EndProject
Project("{FAE04EC0-301F-11D3-BF4B-00C04F79EFBC}") = "Persistence", "Persistence\Persistence.csproj", "{BDAC30B6-DD56-4FE4-87DF-8C6C740838FB}"
EndProject
Project("{FAE04EC0-301F-11D3-BF4B-00C04F79EFBC}") = "PersistenceImpl", "PersistenceImpl\PersistenceImpl.csproj", "{BDB49945-CE34-4812-81F8-FDADE9DFBD6F}"
EndProject
Project("{00D1A9C2-B5F0-4AF3-8072-F6C62B433612}") = "DatabaseSchema", "DatabaseSchema\DatabaseSchema.sqlproj", "{505FF11C-547D-4BFB-9E9C-BF3D114CAE5D}"
EndProject
Project("{FAE04EC0-301F-11D3-BF4B-00C04F79EFBC}") = "Tests.UI.Jasmine", "Tests\Tests.UI.Jasmine\Tests.UI.Jasmine.csproj", "{B37D5E0E-0B59-4728-9485-B03FF5328D71}"
EndProject
Project("{FAE04EC0-301F-11D3-BF4B-00C04F79EFBC}") = "Tests.UI.Views.Precompiled", "Tests\Tests.UI.Views\Tests.UI.Views.Precompiled.csproj", "{D2C9BAD9-AB3A-4900-A5D0-9552B215BC18}"
EndProject
Project("{FAE04EC0-301F-11D3-BF4B-00C04F79EFBC}") = "Tests.UI.Views.Unit", "Tests\Tests.UI.Views.Unit\Tests.UI.Views.Unit.csproj", "{49404CA5-D205-4DD8-B5A1-CBD6A65B7B71}"
EndProject
Global
	GlobalSection(SolutionConfigurationPlatforms) = preSolution
		Debug|Any CPU = Debug|Any CPU
		Release|Any CPU = Release|Any CPU
	EndGlobalSection
	GlobalSection(ProjectConfigurationPlatforms) = postSolution
		{17721966-CEFF-4D50-B591-1C0D4FF2ABF5}.Debug|Any CPU.ActiveCfg = Debug|Any CPU
		{17721966-CEFF-4D50-B591-1C0D4FF2ABF5}.Debug|Any CPU.Build.0 = Debug|Any CPU
		{17721966-CEFF-4D50-B591-1C0D4FF2ABF5}.Release|Any CPU.ActiveCfg = Release|Any CPU
		{17721966-CEFF-4D50-B591-1C0D4FF2ABF5}.Release|Any CPU.Build.0 = Release|Any CPU
		{5547D947-7C32-4C5B-B73E-2960F351882A}.Debug|Any CPU.ActiveCfg = Debug|Any CPU
		{5547D947-7C32-4C5B-B73E-2960F351882A}.Debug|Any CPU.Build.0 = Debug|Any CPU
		{5547D947-7C32-4C5B-B73E-2960F351882A}.Release|Any CPU.ActiveCfg = Release|Any CPU
		{5547D947-7C32-4C5B-B73E-2960F351882A}.Release|Any CPU.Build.0 = Release|Any CPU
		{CE046A97-C355-46BF-A9E0-0CEDCDB9853E}.Debug|Any CPU.ActiveCfg = Debug|Any CPU
		{CE046A97-C355-46BF-A9E0-0CEDCDB9853E}.Debug|Any CPU.Build.0 = Debug|Any CPU
		{CE046A97-C355-46BF-A9E0-0CEDCDB9853E}.Release|Any CPU.ActiveCfg = Release|Any CPU
		{CE046A97-C355-46BF-A9E0-0CEDCDB9853E}.Release|Any CPU.Build.0 = Release|Any CPU
		{C2DDCD69-74B0-46DF-9E9D-EB0596DB5F7C}.Debug|Any CPU.ActiveCfg = Debug|Any CPU
		{C2DDCD69-74B0-46DF-9E9D-EB0596DB5F7C}.Debug|Any CPU.Build.0 = Debug|Any CPU
		{C2DDCD69-74B0-46DF-9E9D-EB0596DB5F7C}.Release|Any CPU.ActiveCfg = Release|Any CPU
		{C2DDCD69-74B0-46DF-9E9D-EB0596DB5F7C}.Release|Any CPU.Build.0 = Release|Any CPU
		{47DB6FAA-D38E-44D6-8AED-6593FE10FC1C}.Debug|Any CPU.ActiveCfg = Debug|Any CPU
		{47DB6FAA-D38E-44D6-8AED-6593FE10FC1C}.Debug|Any CPU.Build.0 = Debug|Any CPU
		{47DB6FAA-D38E-44D6-8AED-6593FE10FC1C}.Release|Any CPU.ActiveCfg = Release|Any CPU
		{47DB6FAA-D38E-44D6-8AED-6593FE10FC1C}.Release|Any CPU.Build.0 = Release|Any CPU
		{9C26B4B2-4E24-4D45-94CA-24E73BE72096}.Debug|Any CPU.ActiveCfg = Debug|Any CPU
		{9C26B4B2-4E24-4D45-94CA-24E73BE72096}.Debug|Any CPU.Build.0 = Debug|Any CPU
		{9C26B4B2-4E24-4D45-94CA-24E73BE72096}.Release|Any CPU.ActiveCfg = Release|Any CPU
		{9C26B4B2-4E24-4D45-94CA-24E73BE72096}.Release|Any CPU.Build.0 = Release|Any CPU
		{BDAC30B6-DD56-4FE4-87DF-8C6C740838FB}.Debug|Any CPU.ActiveCfg = Debug|Any CPU
		{BDAC30B6-DD56-4FE4-87DF-8C6C740838FB}.Debug|Any CPU.Build.0 = Debug|Any CPU
		{BDAC30B6-DD56-4FE4-87DF-8C6C740838FB}.Release|Any CPU.ActiveCfg = Release|Any CPU
		{BDAC30B6-DD56-4FE4-87DF-8C6C740838FB}.Release|Any CPU.Build.0 = Release|Any CPU
		{BDB49945-CE34-4812-81F8-FDADE9DFBD6F}.Debug|Any CPU.ActiveCfg = Debug|Any CPU
		{BDB49945-CE34-4812-81F8-FDADE9DFBD6F}.Debug|Any CPU.Build.0 = Debug|Any CPU
		{BDB49945-CE34-4812-81F8-FDADE9DFBD6F}.Release|Any CPU.ActiveCfg = Release|Any CPU
		{BDB49945-CE34-4812-81F8-FDADE9DFBD6F}.Release|Any CPU.Build.0 = Release|Any CPU
		{505FF11C-547D-4BFB-9E9C-BF3D114CAE5D}.Debug|Any CPU.ActiveCfg = Debug|Any CPU
		{505FF11C-547D-4BFB-9E9C-BF3D114CAE5D}.Debug|Any CPU.Build.0 = Debug|Any CPU
		{505FF11C-547D-4BFB-9E9C-BF3D114CAE5D}.Debug|Any CPU.Deploy.0 = Debug|Any CPU
		{505FF11C-547D-4BFB-9E9C-BF3D114CAE5D}.Release|Any CPU.ActiveCfg = Release|Any CPU
		{505FF11C-547D-4BFB-9E9C-BF3D114CAE5D}.Release|Any CPU.Build.0 = Release|Any CPU
		{505FF11C-547D-4BFB-9E9C-BF3D114CAE5D}.Release|Any CPU.Deploy.0 = Release|Any CPU
		{B37D5E0E-0B59-4728-9485-B03FF5328D71}.Debug|Any CPU.ActiveCfg = Debug|Any CPU
		{B37D5E0E-0B59-4728-9485-B03FF5328D71}.Debug|Any CPU.Build.0 = Debug|Any CPU
		{B37D5E0E-0B59-4728-9485-B03FF5328D71}.Release|Any CPU.ActiveCfg = Release|Any CPU
		{B37D5E0E-0B59-4728-9485-B03FF5328D71}.Release|Any CPU.Build.0 = Release|Any CPU
		{D2C9BAD9-AB3A-4900-A5D0-9552B215BC18}.Debug|Any CPU.ActiveCfg = Debug|Any CPU
		{D2C9BAD9-AB3A-4900-A5D0-9552B215BC18}.Debug|Any CPU.Build.0 = Debug|Any CPU
		{D2C9BAD9-AB3A-4900-A5D0-9552B215BC18}.Release|Any CPU.ActiveCfg = Release|Any CPU
		{D2C9BAD9-AB3A-4900-A5D0-9552B215BC18}.Release|Any CPU.Build.0 = Release|Any CPU
		{49404CA5-D205-4DD8-B5A1-CBD6A65B7B71}.Debug|Any CPU.ActiveCfg = Debug|Any CPU
		{49404CA5-D205-4DD8-B5A1-CBD6A65B7B71}.Debug|Any CPU.Build.0 = Debug|Any CPU
		{49404CA5-D205-4DD8-B5A1-CBD6A65B7B71}.Release|Any CPU.ActiveCfg = Release|Any CPU
		{49404CA5-D205-4DD8-B5A1-CBD6A65B7B71}.Release|Any CPU.Build.0 = Release|Any CPU
	EndGlobalSection
	GlobalSection(SolutionProperties) = preSolution
		HideSolutionNode = FALSE
	EndGlobalSection
	GlobalSection(NestedProjects) = preSolution
		{5547D947-7C32-4C5B-B73E-2960F351882A} = {1CF5D6AD-2367-4073-92B0-DA3EDE0B4772}
		{CE046A97-C355-46BF-A9E0-0CEDCDB9853E} = {1CF5D6AD-2367-4073-92B0-DA3EDE0B4772}
		{B37D5E0E-0B59-4728-9485-B03FF5328D71} = {1CF5D6AD-2367-4073-92B0-DA3EDE0B4772}
		{D2C9BAD9-AB3A-4900-A5D0-9552B215BC18} = {1CF5D6AD-2367-4073-92B0-DA3EDE0B4772}
		{49404CA5-D205-4DD8-B5A1-CBD6A65B7B71} = {1CF5D6AD-2367-4073-92B0-DA3EDE0B4772}
	EndGlobalSection
EndGlobal
